
Microsoft Visual Studio Solution File, Format Version 12.00
# Visual Studio Version 16
VisualStudioVersion = 16.0.31515.178
MinimumVisualStudioVersion = 10.0.40219.1
Project("{9A19103F-16F7-4668-BE54-9A1E7A4F7556}") = "Generate-all-repetitions", "Generate-all-repetitions.csproj", "{49B718E9-DEEB-4196-9642-0A93A4E113A5}"
EndProject
Global
	GlobalSection(SolutionConfigurationPlatforms) = preSolution
		Debug|Any CPU = Debug|Any CPU
		Release|Any CPU = Release|Any CPU
	EndGlobalSection
	GlobalSection(ProjectConfigurationPlatforms) = postSolution
		{49B718E9-DEEB-4196-9642-0A93A4E113A5}.Debug|Any CPU.ActiveCfg = Debug|Any CPU
		{49B718E9-DEEB-4196-9642-0A93A4E113A5}.Debug|Any CPU.Build.0 = Debug|Any CPU
		{49B718E9-DEEB-4196-9642-0A93A4E113A5}.Release|Any CPU.ActiveCfg = Release|Any CPU
		{49B718E9-DEEB-4196-9642-0A93A4E113A5}.Release|Any CPU.Build.0 = Release|Any CPU
	EndGlobalSection
	GlobalSection(SolutionProperties) = preSolution
		HideSolutionNode = FALSE
	EndGlobalSection
	GlobalSection(ExtensibilityGlobals) = postSolution
		SolutionGuid = {E89D828E-6242-4713-80AC-509C19F3AA3C}
	EndGlobalSection
EndGlobal
